
Microsoft Visual Studio Solution File, Format Version 12.00
# Visual Studio 2012
Project("{8BC9CEB8-8B4A-11D0-8D11-00A0C91BC942}") = "RepeatingXOR", "RepeatingXOR.vcxproj", "{939F69D6-4300-4256-972A-950E2928363A}"
EndProject
Global
	GlobalSection(SolutionConfigurationPlatforms) = preSolution
		Debug|Win32 = Debug|Win32
		Release|Win32 = Release|Win32
	EndGlobalSection
	GlobalSection(ProjectConfigurationPlatforms) = postSolution
		{939F69D6-4300-4256-972A-950E2928363A}.Debug|Win32.ActiveCfg = Debug|Win32
		{939F69D6-4300-4256-972A-950E2928363A}.Debug|Win32.Build.0 = Debug|Win32
		{939F69D6-4300-4256-972A-950E2928363A}.Release|Win32.ActiveCfg = Release|Win32
		{939F69D6-4300-4256-972A-950E2928363A}.Release|Win32.Build.0 = Release|Win32
	EndGlobalSection
	GlobalSection(SolutionProperties) = preSolution
		HideSolutionNode = FALSE
	EndGlobalSection
EndGlobal
